
Microsoft Visual Studio Solution File, Format Version 12.00
# Visual Studio 15
VisualStudioVersion = 15.0.28010.2041
MinimumVisualStudioVersion = 10.0.40219.1
Project("{FAE04EC0-301F-11D3-BF4B-00C04F79EFBC}") = "Axatel", "Axatel\Axatel.csproj", "{BBAC8E59-6C58-4714-8609-D3BBF86B5FB4}"
EndProject
Global
	GlobalSection(SolutionConfigurationPlatforms) = preSolution
		Debug|Any CPU = Debug|Any CPU
		Release|Any CPU = Release|Any CPU
	EndGlobalSection
	GlobalSection(ProjectConfigurationPlatforms) = postSolution
		{BBAC8E59-6C58-4714-8609-D3BBF86B5FB4}.Debug|Any CPU.ActiveCfg = Debug|Any CPU
		{BBAC8E59-6C58-4714-8609-D3BBF86B5FB4}.Debug|Any CPU.Build.0 = Debug|Any CPU
		{BBAC8E59-6C58-4714-8609-D3BBF86B5FB4}.Release|Any CPU.ActiveCfg = Release|Any CPU
		{BBAC8E59-6C58-4714-8609-D3BBF86B5FB4}.Release|Any CPU.Build.0 = Release|Any CPU
	EndGlobalSection
	GlobalSection(SolutionProperties) = preSolution
		HideSolutionNode = FALSE
	EndGlobalSection
	GlobalSection(ExtensibilityGlobals) = postSolution
		SolutionGuid = {CBB2285B-BDBD-432A-9E5B-59758C10E8AF}
	EndGlobalSection
EndGlobal
